{
  "projects": [
    {
      "projectId": "seaQhLVS4bbjiGvJJrRwyL",
      "version": "15.0.3",
      "dependencies": {},
      "lang": "ts",
      "fileLocks": [
        {
          "assetId": "seaQhLVS4bbjiGvJJrRwyL",
          "type": "projectCss",
          "checksum": "85f7ca190f576c5a2499623973afb625"
        }
      ]
    },
    {
      "projectId": "sSZkEHHhFFf6b7q7psrYCu",
      "version": "latest",
      "dependencies": {
        "seaQhLVS4bbjiGvJJrRwyL": "15.0.3"
      },
      "lang": "ts",
      "fileLocks": [
        {
          "type": "globalVariant",
          "assetId": "vGQatPzkQFb5",
          "checksum": "ba647b7b3f53f1fd16fd78a0c39888ba"
        },
        {
          "assetId": "sSZkEHHhFFf6b7q7psrYCu",
          "type": "projectCss",
          "checksum": "58c6f280e208b8b97fa225f6a4c31bfb"
        },
        {
          "type": "renderModule",
          "assetId": "aVnYsNdDsmt",
          "checksum": "8ea80fc74ef462aa0f643499ce66791c"
        },
        {
          "type": "cssRules",
          "assetId": "aVnYsNdDsmt",
          "checksum": "8ea80fc74ef462aa0f643499ce66791c"
        },
        {
          "type": "renderModule",
          "assetId": "YrWPEGLp1s0",
          "checksum": "c61884a66ec69ebdccec1a6d145d7e5a"
        },
        {
          "type": "cssRules",
          "assetId": "YrWPEGLp1s0",
          "checksum": "c61884a66ec69ebdccec1a6d145d7e5a"
        },
        {
          "type": "renderModule",
          "assetId": "xDSZyt3H0cH",
          "checksum": "c75f352dcdcde7f04864a8cf29f7aafc"
        },
        {
          "type": "cssRules",
          "assetId": "xDSZyt3H0cH",
          "checksum": "c75f352dcdcde7f04864a8cf29f7aafc"
        },
        {
          "type": "renderModule",
          "assetId": "Fs4mtiM6aLE",
          "checksum": "a469cfdd2b7d8b1355824677de1632fd"
        },
        {
          "type": "cssRules",
          "assetId": "Fs4mtiM6aLE",
          "checksum": "a469cfdd2b7d8b1355824677de1632fd"
        },
        {
          "type": "renderModule",
          "assetId": "WV2mNEE6oQ0",
          "checksum": "f112505f002d1416b7beaa84342bba90"
        },
        {
          "type": "cssRules",
          "assetId": "WV2mNEE6oQ0",
          "checksum": "f112505f002d1416b7beaa84342bba90"
        },
        {
          "type": "renderModule",
          "assetId": "hZrFLDsdDW3",
          "checksum": "f98781bb9d03c660201a4000d3a7afe4"
        },
        {
          "type": "cssRules",
          "assetId": "hZrFLDsdDW3",
          "checksum": "f98781bb9d03c660201a4000d3a7afe4"
        },
        {
          "type": "renderModule",
          "assetId": "87HcVyl97EM",
          "checksum": "c294b6ee1b2c1f41ce1a3bb86a004ed1"
        },
        {
          "type": "cssRules",
          "assetId": "87HcVyl97EM",
          "checksum": "c294b6ee1b2c1f41ce1a3bb86a004ed1"
        },
        {
          "type": "renderModule",
          "assetId": "vFmzxsL15MZ",
          "checksum": "4213a7e1e14c76824325ec019c5e0687"
        },
        {
          "type": "cssRules",
          "assetId": "vFmzxsL15MZ",
          "checksum": "4213a7e1e14c76824325ec019c5e0687"
        },
        {
          "type": "renderModule",
          "assetId": "YvsFpO-ABwpB",
          "checksum": "61e262efd9afc383a18de15f51cedab5"
        },
        {
          "type": "cssRules",
          "assetId": "YvsFpO-ABwpB",
          "checksum": "61e262efd9afc383a18de15f51cedab5"
        },
        {
          "type": "renderModule",
          "assetId": "z-7llQ_dHz67",
          "checksum": "14780cf5c17ec6dcf23546ce0e67e836"
        },
        {
          "type": "cssRules",
          "assetId": "z-7llQ_dHz67",
          "checksum": "14780cf5c17ec6dcf23546ce0e67e836"
        },
        {
          "type": "renderModule",
          "assetId": "Hl5zYlzUjtSP",
          "checksum": "02a87949f2570e4ddb2d8288188ce2a5"
        },
        {
          "type": "cssRules",
          "assetId": "Hl5zYlzUjtSP",
          "checksum": "02a87949f2570e4ddb2d8288188ce2a5"
        },
        {
          "type": "renderModule",
          "assetId": "4uVSYwk3rXtg",
          "checksum": "80590a75c2ad261483328bf31699f070"
        },
        {
          "type": "cssRules",
          "assetId": "4uVSYwk3rXtg",
          "checksum": "80590a75c2ad261483328bf31699f070"
        },
        {
          "type": "renderModule",
          "assetId": "BAA4iH-QQ2rD",
          "checksum": "253cd25820c9098c1cf929fb6ed9fb97"
        },
        {
          "type": "cssRules",
          "assetId": "BAA4iH-QQ2rD",
          "checksum": "253cd25820c9098c1cf929fb6ed9fb97"
        },
        {
          "type": "renderModule",
          "assetId": "dluXJX0C80Ra",
          "checksum": "1c6f9b7e35191a835009754088bb849d"
        },
        {
          "type": "cssRules",
          "assetId": "dluXJX0C80Ra",
          "checksum": "1c6f9b7e35191a835009754088bb849d"
        },
        {
          "type": "renderModule",
          "assetId": "5NTnQ-Ulmx9G",
          "checksum": "d3c57eddc4a4461c08d8bd7fb6d90a14"
        },
        {
          "type": "cssRules",
          "assetId": "5NTnQ-Ulmx9G",
          "checksum": "d3c57eddc4a4461c08d8bd7fb6d90a14"
        },
        {
          "type": "renderModule",
          "assetId": "QyiAQh0-KVz5",
          "checksum": "12ce95fc4afb9f3f9e2d948ad144e57f"
        },
        {
          "type": "cssRules",
          "assetId": "QyiAQh0-KVz5",
          "checksum": "12ce95fc4afb9f3f9e2d948ad144e57f"
        },
        {
          "type": "renderModule",
          "assetId": "aggd8pwpkGAq",
          "checksum": "1ac6afcc0da26cbb02e9b6083b891d0f"
        },
        {
          "type": "cssRules",
          "assetId": "aggd8pwpkGAq",
          "checksum": "1ac6afcc0da26cbb02e9b6083b891d0f"
        },
        {
          "type": "renderModule",
          "assetId": "WSTEY_0npz",
          "checksum": "ab13c36e371c05b7261b1cb20e6b6617"
        },
        {
          "type": "cssRules",
          "assetId": "WSTEY_0npz",
          "checksum": "ab13c36e371c05b7261b1cb20e6b6617"
        },
        {
          "type": "icon",
          "assetId": "tZMcE3pbO9mF",
          "checksum": "6f7477b3e11714871cb926146e59cb0d"
        },
        {
          "type": "icon",
          "assetId": "pKa1rpd5Evox",
          "checksum": "a52b17c78338d55e32548906f840c142"
        },
        {
          "type": "icon",
          "assetId": "i0ATEn92Ih9D",
          "checksum": "f1d6f1a77cc518a9ab226cc56eb23fcd"
        },
        {
          "type": "icon",
          "assetId": "oMNqbl99bx3d",
          "checksum": "1607bfa02c1fdf3fb391bf58c43fb3a0"
        },
        {
          "type": "icon",
          "assetId": "bj7Bi34zkycq",
          "checksum": "23086088baf3d600268cb3442d7feae7"
        },
        {
          "type": "icon",
          "assetId": "qei3pNb6J7L9",
          "checksum": "41494dbf5342716d9167451248646077"
        },
        {
          "type": "icon",
          "assetId": "Zsw7lBtCPoTw",
          "checksum": "b95b6d20ba76225464e22d7c62ac3782"
        },
        {
          "type": "icon",
          "assetId": "8EBWl7wnEXH5",
          "checksum": "123a1e628ba2876ac5a874698f3c95f9"
        },
        {
          "type": "icon",
          "assetId": "v50tJLOJsCgE",
          "checksum": "289c97b7e9a92d23580fe80516077623"
        },
        {
          "type": "icon",
          "assetId": "PAwlcDhkP2Vo",
          "checksum": "456db8498517bb1d85107271231c0ee2"
        },
        {
          "type": "icon",
          "assetId": "OuVC-HflWfJJ",
          "checksum": "9b26d23e5cafbff43117eebb30f75382"
        },
        {
          "type": "icon",
          "assetId": "xRMn-tsqwxYK",
          "checksum": "9701bca2a22340a7f5b5b003cbbf7072"
        },
        {
          "type": "icon",
          "assetId": "FLCioZZxMrMp",
          "checksum": "bf1cb07f8bc669040765276cdf40ac4a"
        },
        {
          "type": "icon",
          "assetId": "nRKEkV1snQpa",
          "checksum": "0e6838ade4f98e06df1cd43c01839a1b"
        },
        {
          "type": "icon",
          "assetId": "a4pkslbDuSsB",
          "checksum": "fd4ae64f9503fd47a1ca80d8d199c26b"
        },
        {
          "type": "icon",
          "assetId": "zhaVmOo6gdGv",
          "checksum": "0870f601387c7c117318df91789c4f4a"
        },
        {
          "type": "icon",
          "assetId": "gzPAbQYUnbO0",
          "checksum": "12d50286feec6fb26e77feb96816e411"
        },
        {
          "type": "icon",
          "assetId": "KLWu8mZYlQrr",
          "checksum": "a5487b211ed8a055af07e9e4ebd1b71b"
        },
        {
          "type": "icon",
          "assetId": "A1LFhjeRPWZu",
          "checksum": "3e5115d6d5b423c57479f0addb2d514c"
        },
        {
          "type": "icon",
          "assetId": "-NvOtxZE6caz",
          "checksum": "015af311aa74201975282b75544a37f5"
        },
        {
          "type": "image",
          "assetId": "mm4_mIBqlmdZ",
          "checksum": "4e57593be1fb921533026b08caa131fd"
        },
        {
          "type": "image",
          "assetId": "XTpjVHBZ2auF",
          "checksum": "3e87d96169770ab4d867de7964b44e9c"
        },
        {
          "type": "image",
          "assetId": "OsoCoQ-nmaZV",
          "checksum": "ec64675a1f1a92ac1e55ee09f15a88b1"
        },
        {
          "type": "image",
          "assetId": "JtM3DtwgxugH",
          "checksum": "bd631ff319a1d96e9fc552d0a93ff251"
        }
      ]
    }
  ],
  "cliVersion": "0.1.160"
}
